<?xml version="1.0" encoding="utf-8"?>
<Project ToolsVersion="4.0" xmlns="http://schemas.microsoft.com/developer/msbuild/2003">
  <ItemGroup>
    <Filter Include="源文件">
      <UniqueIdentifier>{4FC737F1-C7A5-4376-A066-2A32D752A2FF}</UniqueIdentifier>
      <Extensions>cpp;c;cc;cxx;c++;cppm;ixx;def;odl;idl;hpj;bat;asm;asmx</Extensions>
    </Filter>
    <Filter Include="头文件">
      <UniqueIdentifier>{93995380-89BD-4b04-88EB-625FBE52EBFB}</UniqueIdentifier>
      <Extensions>h;hh;hpp;hxx;h++;hm;inl;inc;ipp;xsd</Extensions>
    </Filter>
    <Filter Include="资源文件">
      <UniqueIdentifier>{67DA6AB6-F800-4c08-8B7A-83BB121AAD01}</UniqueIdentifier>
      <Extensions>rc;ico;cur;bmp;dlg;rc2;rct;bin;rgs;gif;jpg;jpeg;jpe;resx;tiff;tif;png;wav;mfcribbon-ms</Extensions>
    </Filter>
  </ItemGroup>
  <ItemGroup>
    <ClCompile Include="src\main.cpp">
      <Filter>源文件</Filter>
    </ClCompile>
    <ClCompile Include="src\BVulkan.cpp">
      <Filter>源文件</Filter>
    </ClCompile>
    <ClCompile Include="src\scene.cpp">
      <Filter>源文件</Filter>
    </ClCompile>
    <ClCompile Include="src\XVulkan.cpp">
      <Filter>源文件</Filter>
    </ClCompile>
    <ClCompile Include="third-party\stb_image_aug.c">
      <Filter>源文件</Filter>
    </ClCompile>
    <ClCompile Include="src\VertexBuffer.cpp">
      <Filter>源文件</Filter>
    </ClCompile>
    <ClCompile Include="src\IndexBuffer.cpp">
      <Filter>源文件</Filter>
    </ClCompile>
    <ClCompile Include="src\UniformBuffer.cpp">
      <Filter>源文件</Filter>
    </ClCompile>
    <ClCompile Include="src\Texture2D.cpp">
      <Filter>源文件</Filter>
    </ClCompile>
    <ClCompile Include="src\Material.cpp">
      <Filter>源文件</Filter>
    </ClCompile>
    <ClCompile Include="src\FSQ.cpp">
      <Filter>源文件</Filter>
    </ClCompile>
    <ClCompile Include="src\Ground.cpp">
      <Filter>源文件</Filter>
    </ClCompile>
    <ClCompile Include="src\Model.cpp">
      <Filter>源文件</Filter>
    </ClCompile>
  </ItemGroup>
  <ItemGroup>
    <ClInclude Include="src\BVulkan.h">
      <Filter>头文件</Filter>
    </ClInclude>
    <ClInclude Include="src\scene.h">
      <Filter>头文件</Filter>
    </ClInclude>
    <ClInclude Include="src\XVulkan.h">
      <Filter>头文件</Filter>
    </ClInclude>
    <ClInclude Include="third-party\stb_image_aug.h">
      <Filter>头文件</Filter>
    </ClInclude>
    <ClInclude Include="src\VertexBuffer.h">
      <Filter>头文件</Filter>
    </ClInclude>
    <ClInclude Include="src\IndexBuffer.h">
      <Filter>头文件</Filter>
    </ClInclude>
    <ClInclude Include="src\UniformBuffer.h">
      <Filter>头文件</Filter>
    </ClInclude>
    <ClInclude Include="src\Texture2D.h">
      <Filter>头文件</Filter>
    </ClInclude>
    <ClInclude Include="src\Material.h">
      <Filter>头文件</Filter>
    </ClInclude>
    <ClInclude Include="src\FSQ.h">
      <Filter>头文件</Filter>
    </ClInclude>
    <ClInclude Include="src\Ground.h">
      <Filter>头文件</Filter>
    </ClInclude>
    <ClInclude Include="src\Model.h">
      <Filter>头文件</Filter>
    </ClInclude>
  </ItemGroup>
  <ItemGroup>
    <None Include="Res\test.vs" />
    <None Include="Res\test.fs" />
    <None Include="Res\ground.vs" />
    <None Include="Res\ground.fs" />
    <None Include="Res\Sphere.vs" />
    <None Include="Res\Sphere.fs" />
  </ItemGroup>
</Project>